// !$*UTF8*$!
{
	archiveVersion = 1;
	classes = {
	};
	objectVersion = 46;
	objects = {

/* Begin PBXBuildFile section */
		4DD8C7E006EAB672726B8E27 /* Pods_swiftProject.framework in Frameworks */ = {isa = PBXBuildFile; fileRef = F92EA4C265C03327C5347040 /* Pods_swiftProject.framework */; };
		841693481E011C16007DB830 /* WebService.swift in Sources */ = {isa = PBXBuildFile; fileRef = 841693471E011C16007DB830 /* WebService.swift */; };
		8416934A1E01341B007DB830 /* URLConstant.swift in Sources */ = {isa = PBXBuildFile; fileRef = 841693491E01341B007DB830 /* URLConstant.swift */; };
		8416934C1E013CC5007DB830 /* WebService+Category.swift in Sources */ = {isa = PBXBuildFile; fileRef = 8416934B1E013CC5007DB830 /* WebService+Category.swift */; };
		844EFCF21E0142AD00DB8FC3 /* CityModel.swift in Sources */ = {isa = PBXBuildFile; fileRef = 844EFCF11E0142AD00DB8FC3 /* CityModel.swift */; };
		84558C9B1DFFD743003D8292 /* AppDelegate.swift in Sources */ = {isa = PBXBuildFile; fileRef = 84558C9A1DFFD743003D8292 /* AppDelegate.swift */; };
		84558C9D1DFFD743003D8292 /* ViewController.swift in Sources */ = {isa = PBXBuildFile; fileRef = 84558C9C1DFFD743003D8292 /* ViewController.swift */; };
		84558CA01DFFD743003D8292 /* Main.storyboard in Resources */ = {isa = PBXBuildFile; fileRef = 84558C9E1DFFD743003D8292 /* Main.storyboard */; };
		84558CA21DFFD743003D8292 /* Assets.xcassets in Resources */ = {isa = PBXBuildFile; fileRef = 84558CA11DFFD743003D8292 /* Assets.xcassets */; };
		84558CA51DFFD743003D8292 /* LaunchScreen.storyboard in Resources */ = {isa = PBXBuildFile; fileRef = 84558CA31DFFD743003D8292 /* LaunchScreen.storyboard */; };
		84558CB01DFFD743003D8292 /* swiftProjectTests.swift in Sources */ = {isa = PBXBuildFile; fileRef = 84558CAF1DFFD743003D8292 /* swiftProjectTests.swift */; };
		84558CBB1DFFD743003D8292 /* swiftProjectUITests.swift in Sources */ = {isa = PBXBuildFile; fileRef = 84558CBA1DFFD743003D8292 /* swiftProjectUITests.swift */; };
		84B1A6B81E00E6BB0023B3C4 /* BaseViewController.swift in Sources */ = {isa = PBXBuildFile; fileRef = 84B1A6B71E00E6BB0023B3C4 /* BaseViewController.swift */; };
		84B1A6BE1E010CB90023B3C4 /* UIViewController.swift in Sources */ = {isa = PBXBuildFile; fileRef = 84B1A6BD1E010CB90023B3C4 /* UIViewController.swift */; };
/* End PBXBuildFile section */

/* Begin PBXContainerItemProxy section */
		84558CAC1DFFD743003D8292 /* PBXContainerItemProxy */ = {
			isa = PBXContainerItemProxy;
			containerPortal = 84558C8F1DFFD743003D8292 /* Project object */;
			proxyType = 1;
			remoteGlobalIDString = 84558C961DFFD743003D8292;
			remoteInfo = swiftProject;
		};
		84558CB71DFFD743003D8292 /* PBXContainerItemProxy */ = {
			isa = PBXContainerItemProxy;
			containerPortal = 84558C8F1DFFD743003D8292 /* Project object */;
			proxyType = 1;
			remoteGlobalIDString = 84558C961DFFD743003D8292;
			remoteInfo = swiftProject;
		};
/* End PBXContainerItemProxy section */

/* Begin PBXFileReference section */
		840B579D1E00E57C00F71A30 /* swiftPro-PrefixHeader.pch */ = {isa = PBXFileReference; lastKnownFileType = sourcecode.c.h; path = "swiftPro-PrefixHeader.pch"; sourceTree = "<group>"; };
		841693471E011C16007DB830 /* WebService.swift */ = {isa = PBXFileReference; fileEncoding = 4; lastKnownFileType = sourcecode.swift; path = WebService.swift; sourceTree = "<group>"; };
		841693491E01341B007DB830 /* URLConstant.swift */ = {isa = PBXFileReference; fileEncoding = 4; lastKnownFileType = sourcecode.swift; path = URLConstant.swift; sourceTree = "<group>"; };
		8416934B1E013CC5007DB830 /* WebService+Category.swift */ = {isa = PBXFileReference; fileEncoding = 4; lastKnownFileType = sourcecode.swift; path = "WebService+Category.swift"; sourceTree = "<group>"; };
		844EFCF11E0142AD00DB8FC3 /* CityModel.swift */ = {isa = PBXFileReference; fileEncoding = 4; lastKnownFileType = sourcecode.swift; path = CityModel.swift; sourceTree = "<group>"; };
		84558C971DFFD743003D8292 /* swiftProject.app */ = {isa = PBXFileReference; explicitFileType = wrapper.application; includeInIndex = 0; path = swiftProject.app; sourceTree = BUILT_PRODUCTS_DIR; };
		84558C9A1DFFD743003D8292 /* AppDelegate.swift */ = {isa = PBXFileReference; lastKnownFileType = sourcecode.swift; path = AppDelegate.swift; sourceTree = "<group>"; };
		84558C9C1DFFD743003D8292 /* ViewController.swift */ = {isa = PBXFileReference; lastKnownFileType = sourcecode.swift; path = ViewController.swift; sourceTree = "<group>"; };
		84558C9F1DFFD743003D8292 /* Base */ = {isa = PBXFileReference; lastKnownFileType = file.storyboard; name = Base; path = Base.lproj/Main.storyboard; sourceTree = "<group>"; };
		84558CA11DFFD743003D8292 /* Assets.xcassets */ = {isa = PBXFileReference; lastKnownFileType = folder.assetcatalog; path = Assets.xcassets; sourceTree = "<group>"; };
		84558CA41DFFD743003D8292 /* Base */ = {isa = PBXFileReference; lastKnownFileType = file.storyboard; name = Base; path = Base.lproj/LaunchScreen.storyboard; sourceTree = "<group>"; };
		84558CA61DFFD743003D8292 /* Info.plist */ = {isa = PBXFileReference; lastKnownFileType = text.plist.xml; path = Info.plist; sourceTree = "<group>"; };
		84558CAB1DFFD743003D8292 /* swiftProjectTests.xctest */ = {isa = PBXFileReference; explicitFileType = wrapper.cfbundle; includeInIndex = 0; path = swiftProjectTests.xctest; sourceTree = BUILT_PRODUCTS_DIR; };
		84558CAF1DFFD743003D8292 /* swiftProjectTests.swift */ = {isa = PBXFileReference; lastKnownFileType = sourcecode.swift; path = swiftProjectTests.swift; sourceTree = "<group>"; };
		84558CB11DFFD743003D8292 /* Info.plist */ = {isa = PBXFileReference; lastKnownFileType = text.plist.xml; path = Info.plist; sourceTree = "<group>"; };
		84558CB61DFFD743003D8292 /* swiftProjectUITests.xctest */ = {isa = PBXFileReference; explicitFileType = wrapper.cfbundle; includeInIndex = 0; path = swiftProjectUITests.xctest; sourceTree = BUILT_PRODUCTS_DIR; };
		84558CBA1DFFD743003D8292 /* swiftProjectUITests.swift */ = {isa = PBXFileReference; lastKnownFileType = sourcecode.swift; path = swiftProjectUITests.swift; sourceTree = "<group>"; };
		84558CBC1DFFD743003D8292 /* Info.plist */ = {isa = PBXFileReference; lastKnownFileType = text.plist.xml; path = Info.plist; sourceTree = "<group>"; };
		84B1A6B71E00E6BB0023B3C4 /* BaseViewController.swift */ = {isa = PBXFileReference; fileEncoding = 4; lastKnownFileType = sourcecode.swift; path = BaseViewController.swift; sourceTree = "<group>"; };
		84B1A6BD1E010CB90023B3C4 /* UIViewController.swift */ = {isa = PBXFileReference; fileEncoding = 4; lastKnownFileType = sourcecode.swift; path = UIViewController.swift; sourceTree = "<group>"; };
		98195E86B6FE52485E7D3325 /* Pods-swiftProject.debug.xcconfig */ = {isa = PBXFileReference; includeInIndex = 1; lastKnownFileType = text.xcconfig; name = "Pods-swiftProject.debug.xcconfig"; path = "Pods/Target Support Files/Pods-swiftProject/Pods-swiftProject.debug.xcconfig"; sourceTree = "<group>"; };
		CF80C6AFD95628DDC242DB22 /* Pods-swiftProject.release.xcconfig */ = {isa = PBXFileReference; includeInIndex = 1; lastKnownFileType = text.xcconfig; name = "Pods-swiftProject.release.xcconfig"; path = "Pods/Target Support Files/Pods-swiftProject/Pods-swiftProject.release.xcconfig"; sourceTree = "<group>"; };
		F92EA4C265C03327C5347040 /* Pods_swiftProject.framework */ = {isa = PBXFileReference; explicitFileType = wrapper.framework; includeInIndex = 0; path = Pods_swiftProject.framework; sourceTree = BUILT_PRODUCTS_DIR; };
/* End PBXFileReference section */

/* Begin PBXFrameworksBuildPhase section */
		84558C941DFFD743003D8292 /* Frameworks */ = {
			isa = PBXFrameworksBuildPhase;
			buildActionMask = 2147483647;
			files = (
				4DD8C7E006EAB672726B8E27 /* Pods_swiftProject.framework in Frameworks */,
			);
			runOnlyForDeploymentPostprocessing = 0;
		};
		84558CA81DFFD743003D8292 /* Frameworks */ = {
			isa = PBXFrameworksBuildPhase;
			buildActionMask = 2147483647;
			files = (
			);
			runOnlyForDeploymentPostprocessing = 0;
		};
		84558CB31DFFD743003D8292 /* Frameworks */ = {
			isa = PBXFrameworksBuildPhase;
			buildActionMask = 2147483647;
			files = (
			);
			runOnlyForDeploymentPostprocessing = 0;
		};
/* End PBXFrameworksBuildPhase section */

/* Begin PBXGroup section */
		3EAA6D3DA5B96BB39F2CD7A4 /* Pods */ = {
			isa = PBXGroup;
			children = (
				98195E86B6FE52485E7D3325 /* Pods-swiftProject.debug.xcconfig */,
				CF80C6AFD95628DDC242DB22 /* Pods-swiftProject.release.xcconfig */,
			);
			name = Pods;
			sourceTree = "<group>";
		};
		796D37033819520017DDB9C8 /* Frameworks */ = {
			isa = PBXGroup;
			children = (
				F92EA4C265C03327C5347040 /* Pods_swiftProject.framework */,
			);
			name = Frameworks;
			sourceTree = "<group>";
		};
		840B579E1E00E64600F71A30 /* Common */ = {
			isa = PBXGroup;
			children = (
				84B1A6B71E00E6BB0023B3C4 /* BaseViewController.swift */,
				84B1A6BD1E010CB90023B3C4 /* UIViewController.swift */,
			);
			path = Common;
			sourceTree = "<group>";
		};
		841693461E011C03007DB830 /* WebService */ = {
			isa = PBXGroup;
			children = (
				841693471E011C16007DB830 /* WebService.swift */,
				841693491E01341B007DB830 /* URLConstant.swift */,
				8416934B1E013CC5007DB830 /* WebService+Category.swift */,
				844EFCF11E0142AD00DB8FC3 /* CityModel.swift */,
			);
			path = WebService;
			sourceTree = "<group>";
		};
		84558C8E1DFFD743003D8292 = {
			isa = PBXGroup;
			children = (
				84558C991DFFD743003D8292 /* swiftProject */,
				84558CAE1DFFD743003D8292 /* swiftProjectTests */,
				84558CB91DFFD743003D8292 /* swiftProjectUITests */,
				84558C981DFFD743003D8292 /* Products */,
				3EAA6D3DA5B96BB39F2CD7A4 /* Pods */,
				796D37033819520017DDB9C8 /* Frameworks */,
			);
			sourceTree = "<group>";
		};
		84558C981DFFD743003D8292 /* Products */ = {
			isa = PBXGroup;
			children = (
				84558C971DFFD743003D8292 /* swiftProject.app */,
				84558CAB1DFFD743003D8292 /* swiftProjectTests.xctest */,
				84558CB61DFFD743003D8292 /* swiftProjectUITests.xctest */,
			);
			name = Products;
			sourceTree = "<group>";
		};
		84558C991DFFD743003D8292 /* swiftProject */ = {
			isa = PBXGroup;
			children = (
				841693461E011C03007DB830 /* WebService */,
				840B579E1E00E64600F71A30 /* Common */,
				840B579D1E00E57C00F71A30 /* swiftPro-PrefixHeader.pch */,
				84558C9A1DFFD743003D8292 /* AppDelegate.swift */,
				84558C9C1DFFD743003D8292 /* ViewController.swift */,
				84558C9E1DFFD743003D8292 /* Main.storyboard */,
				84558CA11DFFD743003D8292 /* Assets.xcassets */,
				84558CA31DFFD743003D8292 /* LaunchScreen.storyboard */,
				84558CA61DFFD743003D8292 /* Info.plist */,
			);
			path = swiftProject;
			sourceTree = "<group>";
		};
		84558CAE1DFFD743003D8292 /* swiftProjectTests */ = {
			isa = PBXGroup;
			children = (
				84558CAF1DFFD743003D8292 /* swiftProjectTests.swift */,
				84558CB11DFFD743003D8292 /* Info.plist */,
			);
			path = swiftProjectTests;
			sourceTree = "<group>";
		};
		84558CB91DFFD743003D8292 /* swiftProjectUITests */ = {
			isa = PBXGroup;
			children = (
				84558CBA1DFFD743003D8292 /* swiftProjectUITests.swift */,
				84558CBC1DFFD743003D8292 /* Info.plist */,
			);
			path = swiftProjectUITests;
			sourceTree = "<group>";
		};
/* End PBXGroup section */

/* Begin PBXNativeTarget section */
		84558C961DFFD743003D8292 /* swiftProject */ = {
			isa = PBXNativeTarget;
			buildConfigurationList = 84558CBF1DFFD743003D8292 /* Build configuration list for PBXNativeTarget "swiftProject" */;
			buildPhases = (
				A6A39AE3D8E637900151B3B8 /* 📦 Check Pods Manifest.lock */,
				84558C931DFFD743003D8292 /* Sources */,
				84558C941DFFD743003D8292 /* Frameworks */,
				84558C951DFFD743003D8292 /* Resources */,
				32183F5B5C4AF7457E14BCE0 /* 📦 Embed Pods Frameworks */,
				B0155E9D60D3C016311EB326 /* 📦 Copy Pods Resources */,
			);
			buildRules = (
			);
			dependencies = (
			);
			name = swiftProject;
			productName = swiftProject;
			productReference = 84558C971DFFD743003D8292 /* swiftProject.app */;
			productType = "com.apple.product-type.application";
		};
		84558CAA1DFFD743003D8292 /* swiftProjectTests */ = {
			isa = PBXNativeTarget;
			buildConfigurationList = 84558CC21DFFD743003D8292 /* Build configuration list for PBXNativeTarget "swiftProjectTests" */;
			buildPhases = (
				84558CA71DFFD743003D8292 /* Sources */,
				84558CA81DFFD743003D8292 /* Frameworks */,
				84558CA91DFFD743003D8292 /* Resources */,
			);
			buildRules = (
			);
			dependencies = (
				84558CAD1DFFD743003D8292 /* PBXTargetDependency */,
			);
			name = swiftProjectTests;
			productName = swiftProjectTests;
			productReference = 84558CAB1DFFD743003D8292 /* swiftProjectTests.xctest */;
			productType = "com.apple.product-type.bundle.unit-test";
		};
		84558CB51DFFD743003D8292 /* swiftProjectUITests */ = {
			isa = PBXNativeTarget;
			buildConfigurationList = 84558CC51DFFD743003D8292 /* Build configuration list for PBXNativeTarget "swiftProjectUITests" */;
			buildPhases = (
				84558CB21DFFD743003D8292 /* Sources */,
				84558CB31DFFD743003D8292 /* Frameworks */,
				84558CB41DFFD743003D8292 /* Resources */,
			);
			buildRules = (
			);
			dependencies = (
				84558CB81DFFD743003D8292 /* PBXTargetDependency */,
			);
			name = swiftProjectUITests;
			productName = swiftProjectUITests;
			productReference = 84558CB61DFFD743003D8292 /* swiftProjectUITests.xctest */;
			productType = "com.apple.product-type.bundle.ui-testing";
		};
/* End PBXNativeTarget section */

/* Begin PBXProject section */
		84558C8F1DFFD743003D8292 /* Project object */ = {
			isa = PBXProject;
			attributes = {
				LastSwiftUpdateCheck = 0800;
				LastUpgradeCheck = 0800;
				ORGANIZATIONNAME = shiqianren;
				TargetAttributes = {
					84558C961DFFD743003D8292 = {
						CreatedOnToolsVersion = 8.0;
						DevelopmentTeam = Z632QU8CDY;
						ProvisioningStyle = Automatic;
					};
					84558CAA1DFFD743003D8292 = {
						CreatedOnToolsVersion = 8.0;
						DevelopmentTeam = Z632QU8CDY;
						ProvisioningStyle = Automatic;
						TestTargetID = 84558C961DFFD743003D8292;
					};
					84558CB51DFFD743003D8292 = {
						CreatedOnToolsVersion = 8.0;
						DevelopmentTeam = Z632QU8CDY;
						ProvisioningStyle = Automatic;
						TestTargetID = 84558C961DFFD743003D8292;
					};
				};
			};
			buildConfigurationList = 84558C921DFFD743003D8292 /* Build configuration list for PBXProject "swiftProject" */;
			compatibilityVersion = "Xcode 3.2";
			developmentRegion = English;
			hasScannedForEncodings = 0;
			knownRegions = (
				en,
				Base,
			);
			mainGroup = 84558C8E1DFFD743003D8292;
			productRefGroup = 84558C981DFFD743003D8292 /* Products */;
			projectDirPath = "";
			projectRoot = "";
			targets = (
				84558C961DFFD743003D8292 /* swiftProject */,
				84558CAA1DFFD743003D8292 /* swiftProjectTests */,
				84558CB51DFFD743003D8292 /* swiftProjectUITests */,
			);
		};
/* End PBXProject section */

/* Begin PBXResourcesBuildPhase section */
		84558C951DFFD743003D8292 /* Resources */ = {
			isa = PBXResourcesBuildPhase;
			buildActionMask = 2147483647;
			files = (
				84558CA51DFFD743003D8292 /* LaunchScreen.storyboard in Resources */,
				84558CA21DFFD743003D8292 /* Assets.xcassets in Resources */,
				84558CA01DFFD743003D8292 /* Main.storyboard in Resources */,
			);
			runOnlyForDeploymentPostprocessing = 0;
		};
		84558CA91DFFD743003D8292 /* Resources */ = {
			isa = PBXResourcesBuildPhase;
			buildActionMask = 2147483647;
			files = (
			);
			runOnlyForDeploymentPostprocessing = 0;
		};
		84558CB41DFFD743003D8292 /* Resources */ = {
			isa = PBXResourcesBuildPhase;
			buildActionMask = 2147483647;
			files = (
			);
			runOnlyForDeploymentPostprocessing = 0;
		};
/* End PBXResourcesBuildPhase section */

/* Begin PBXShellScriptBuildPhase section */
		32183F5B5C4AF7457E14BCE0 /* 📦 Embed Pods Frameworks */ = {
			isa = PBXShellScriptBuildPhase;
			buildActionMask = 2147483647;
			files = (
			);
			inputPaths = (
			);
			name = "📦 Embed Pods Frameworks";
			outputPaths = (
			);
			runOnlyForDeploymentPostprocessing = 0;
			shellPath = /bin/sh;
			shellScript = "\"${SRCROOT}/Pods/Target Support Files/Pods-swiftProject/Pods-swiftProject-frameworks.sh\"\n";
			showEnvVarsInLog = 0;
		};
		A6A39AE3D8E637900151B3B8 /* 📦 Check Pods Manifest.lock */ = {
			isa = PBXShellScriptBuildPhase;
			buildActionMask = 2147483647;
			files = (
			);
			inputPaths = (
			);
			name = "📦 Check Pods Manifest.lock";
			outputPaths = (
			);
			runOnlyForDeploymentPostprocessing = 0;
			shellPath = /bin/sh;
			shellScript = "diff \"${PODS_ROOT}/../Podfile.lock\" \"${PODS_ROOT}/Manifest.lock\" > /dev/null\nif [[ $? != 0 ]] ; then\n    cat << EOM\nerror: The sandbox is not in sync with the Podfile.lock. Run 'pod install' or update your CocoaPods installation.\nEOM\n    exit 1\nfi\n";
			showEnvVarsInLog = 0;
		};
		B0155E9D60D3C016311EB326 /* 📦 Copy Pods Resources */ = {
			isa = PBXShellScriptBuildPhase;
			buildActionMask = 2147483647;
			files = (
			);
			inputPaths = (
			);
			name = "📦 Copy Pods Resources";
			outputPaths = (
			);
			runOnlyForDeploymentPostprocessing = 0;
			shellPath = /bin/sh;
			shellScript = "\"${SRCROOT}/Pods/Target Support Files/Pods-swiftProject/Pods-swiftProject-resources.sh\"\n";
			showEnvVarsInLog = 0;
		};
/* End PBXShellScriptBuildPhase section */

/* Begin PBXSourcesBuildPhase section */
		84558C931DFFD743003D8292 /* Sources */ = {
			isa = PBXSourcesBuildPhase;
			buildActionMask = 2147483647;
			files = (
				84558C9D1DFFD743003D8292 /* ViewController.swift in Sources */,
				84558C9B1DFFD743003D8292 /* AppDelegate.swift in Sources */,
				84B1A6BE1E010CB90023B3C4 /* UIViewController.swift in Sources */,
				841693481E011C16007DB830 /* WebService.swift in Sources */,
				844EFCF21E0142AD00DB8FC3 /* CityModel.swift in Sources */,
				84B1A6B81E00E6BB0023B3C4 /* BaseViewController.swift in Sources */,
				8416934A1E01341B007DB830 /* URLConstant.swift in Sources */,
				8416934C1E013CC5007DB830 /* WebService+Category.swift in Sources */,
			);
			runOnlyForDeploymentPostprocessing = 0;
		};
		84558CA71DFFD743003D8292 /* Sources */ = {
			isa = PBXSourcesBuildPhase;
			buildActionMask = 2147483647;
			files = (
				84558CB01DFFD743003D8292 /* swiftProjectTests.swift in Sources */,
			);
			runOnlyForDeploymentPostprocessing = 0;
		};
		84558CB21DFFD743003D8292 /* Sources */ = {
			isa = PBXSourcesBuildPhase;
			buildActionMask = 2147483647;
			files = (
				84558CBB1DFFD743003D8292 /* swiftProjectUITests.swift in Sources */,
			);
			runOnlyForDeploymentPostprocessing = 0;
		};
/* End PBXSourcesBuildPhase section */

/* Begin PBXTargetDependency section */
		84558CAD1DFFD743003D8292 /* PBXTargetDependency */ = {
			isa = PBXTargetDependency;
			target = 84558C961DFFD743003D8292 /* swiftProject */;
			targetProxy = 84558CAC1DFFD743003D8292 /* PBXContainerItemProxy */;
		};
		84558CB81DFFD743003D8292 /* PBXTargetDependency */ = {
			isa = PBXTargetDependency;
			target = 84558C961DFFD743003D8292 /* swiftProject */;
			targetProxy = 84558CB71DFFD743003D8292 /* PBXContainerItemProxy */;
		};
/* End PBXTargetDependency section */

/* Begin PBXVariantGroup section */
		84558C9E1DFFD743003D8292 /* Main.storyboard */ = {
			isa = PBXVariantGroup;
			children = (
				84558C9F1DFFD743003D8292 /* Base */,
			);
			name = Main.storyboard;
			sourceTree = "<group>";
		};
		84558CA31DFFD743003D8292 /* LaunchScreen.storyboard */ = {
			isa = PBXVariantGroup;
			children = (
				84558CA41DFFD743003D8292 /* Base */,
			);
			name = LaunchScreen.storyboard;
			sourceTree = "<group>";
		};
/* End PBXVariantGroup section */

/* Begin XCBuildConfiguration section */
		84558CBD1DFFD743003D8292 /* Debug */ = {
			isa = XCBuildConfiguration;
			buildSettings = {
				ALWAYS_SEARCH_USER_PATHS = NO;
				CLANG_ANALYZER_NONNULL = YES;
				CLANG_CXX_LANGUAGE_STANDARD = "gnu++0x";
				CLANG_CXX_LIBRARY = "libc++";
				CLANG_ENABLE_MODULES = YES;
				CLANG_ENABLE_OBJC_ARC = YES;
				CLANG_WARN_BOOL_CONVERSION = YES;
				CLANG_WARN_CONSTANT_CONVERSION = YES;
				CLANG_WARN_DIRECT_OBJC_ISA_USAGE = YES_ERROR;
				CLANG_WARN_DOCUMENTATION_COMMENTS = YES;
				CLANG_WARN_EMPTY_BODY = YES;
				CLANG_WARN_ENUM_CONVERSION = YES;
				CLANG_WARN_INFINITE_RECURSION = YES;
				CLANG_WARN_INT_CONVERSION = YES;
				CLANG_WARN_OBJC_ROOT_CLASS = YES_ERROR;
				CLANG_WARN_SUSPICIOUS_MOVES = YES;
				CLANG_WARN_UNREACHABLE_CODE = YES;
				CLANG_WARN__DUPLICATE_METHOD_MATCH = YES;
				"CODE_SIGN_IDENTITY[sdk=iphoneos*]" = "iPhone Developer";
				COPY_PHASE_STRIP = NO;
				DEBUG_INFORMATION_FORMAT = dwarf;
				ENABLE_STRICT_OBJC_MSGSEND = YES;
				ENABLE_TESTABILITY = YES;
				GCC_C_LANGUAGE_STANDARD = gnu99;
				GCC_DYNAMIC_NO_PIC = NO;
				GCC_NO_COMMON_BLOCKS = YES;
				GCC_OPTIMIZATION_LEVEL = 0;
				GCC_PREPROCESSOR_DEFINITIONS = (
					"DEBUG=1",
					"$(inherited)",
				);
				GCC_WARN_64_TO_32_BIT_CONVERSION = YES;
				GCC_WARN_ABOUT_RETURN_TYPE = YES_ERROR;
				GCC_WARN_UNDECLARED_SELECTOR = YES;
				GCC_WARN_UNINITIALIZED_AUTOS = YES_AGGRESSIVE;
				GCC_WARN_UNUSED_FUNCTION = YES;
				GCC_WARN_UNUSED_VARIABLE = YES;
				IPHONEOS_DEPLOYMENT_TARGET = 10.0;
				MTL_ENABLE_DEBUG_INFO = YES;
				ONLY_ACTIVE_ARCH = YES;
				SDKROOT = iphoneos;
				SWIFT_ACTIVE_COMPILATION_CONDITIONS = DEBUG;
				SWIFT_OPTIMIZATION_LEVEL = "-Onone";
			};
			name = Debug;
		};
		84558CBE1DFFD743003D8292 /* Release */ = {
			isa = XCBuildConfiguration;
			buildSettings = {
				ALWAYS_SEARCH_USER_PATHS = NO;
				CLANG_ANALYZER_NONNULL = YES;
				CLANG_CXX_LANGUAGE_STANDARD = "gnu++0x";
				CLANG_CXX_LIBRARY = "libc++";
				CLANG_ENABLE_MODULES = YES;
				CLANG_ENABLE_OBJC_ARC = YES;
				CLANG_WARN_BOOL_CONVERSION = YES;
				CLANG_WARN_CONSTANT_CONVERSION = YES;
				CLANG_WARN_DIRECT_OBJC_ISA_USAGE = YES_ERROR;
				CLANG_WARN_DOCUMENTATION_COMMENTS = YES;
				CLANG_WARN_EMPTY_BODY = YES;
				CLANG_WARN_ENUM_CONVERSION = YES;
				CLANG_WARN_INFINITE_RECURSION = YES;
				CLANG_WARN_INT_CONVERSION = YES;
				CLANG_WARN_OBJC_ROOT_CLASS = YES_ERROR;
				CLANG_WARN_SUSPICIOUS_MOVES = YES;
				CLANG_WARN_UNREACHABLE_CODE = YES;
				CLANG_WARN__DUPLICATE_METHOD_MATCH = YES;
				"CODE_SIGN_IDENTITY[sdk=iphoneos*]" = "iPhone Developer";
				COPY_PHASE_STRIP = NO;
				DEBUG_INFORMATION_FORMAT = "dwarf-with-dsym";
				ENABLE_NS_ASSERTIONS = NO;
				ENABLE_STRICT_OBJC_MSGSEND = YES;
				GCC_C_LANGUAGE_STANDARD = gnu99;
				GCC_NO_COMMON_BLOCKS = YES;
				GCC_WARN_64_TO_32_BIT_CONVERSION = YES;
				GCC_WARN_ABOUT_RETURN_TYPE = YES_ERROR;
				GCC_WARN_UNDECLARED_SELECTOR = YES;
				GCC_WARN_UNINITIALIZED_AUTOS = YES_AGGRESSIVE;
				GCC_WARN_UNUSED_FUNCTION = YES;
				GCC_WARN_UNUSED_VARIABLE = YES;
				IPHONEOS_DEPLOYMENT_TARGET = 10.0;
				MTL_ENABLE_DEBUG_INFO = NO;
				SDKROOT = iphoneos;
				SWIFT_OPTIMIZATION_LEVEL = "-Owholemodule";
				VALIDATE_PRODUCT = YES;
			};
			name = Release;
		};
		84558CC01DFFD743003D8292 /* Debug */ = {
			isa = XCBuildConfiguration;
			baseConfigurationReference = 98195E86B6FE52485E7D3325 /* Pods-swiftProject.debug.xcconfig */;
			buildSettings = {
				ASSETCATALOG_COMPILER_APPICON_NAME = AppIcon;
				DEVELOPMENT_TEAM = Z632QU8CDY;
				INFOPLIST_FILE = swiftProject/Info.plist;
				LD_RUNPATH_SEARCH_PATHS = "$(inherited) @executable_path/Frameworks";
				PRODUCT_BUNDLE_IDENTIFIER = com.shiqianren.swiftProduct.swiftProject;
				PRODUCT_NAME = "$(TARGET_NAME)";
				SWIFT_OBJC_BRIDGING_HEADER = "${SRCROOT}/$(PROJECT_NAME)/swiftPro-PrefixHeader.pch";
				SWIFT_VERSION = 3.0;
			};
			name = Debug;
		};
		84558CC11DFFD743003D8292 /* Release */ = {
			isa = XCBuildConfiguration;
			baseConfigurationReference = CF80C6AFD95628DDC242DB22 /* Pods-swiftProject.release.xcconfig */;
			buildSettings = {
				ASSETCATALOG_COMPILER_APPICON_NAME = AppIcon;
				DEVELOPMENT_TEAM = Z632QU8CDY;
				INFOPLIST_FILE = swiftProject/Info.plist;
				LD_RUNPATH_SEARCH_PATHS = "$(inherited) @executable_path/Frameworks";
				PRODUCT_BUNDLE_IDENTIFIER = com.shiqianren.swiftProduct.swiftProject;
				PRODUCT_NAME = "$(TARGET_NAME)";
				SWIFT_OBJC_BRIDGING_HEADER = "${SRCROOT}/$(PROJECT_NAME)/swiftPro-PrefixHeader.pch";
				SWIFT_VERSION = 3.0;
			};
			name = Release;
		};
		84558CC31DFFD743003D8292 /* Debug */ = {
			isa = XCBuildConfiguration;
			buildSettings = {
				ALWAYS_EMBED_SWIFT_STANDARD_LIBRARIES = YES;
				BUNDLE_LOADER = "$(TEST_HOST)";
				DEVELOPMENT_TEAM = Z632QU8CDY;
				INFOPLIST_FILE = swiftProjectTests/Info.plist;
				LD_RUNPATH_SEARCH_PATHS = "$(inherited) @executable_path/Frameworks @loader_path/Frameworks";
				PRODUCT_BUNDLE_IDENTIFIER = com.shiqianren.swiftProduct.swiftProjectTests;
				PRODUCT_NAME = "$(TARGET_NAME)";
				SWIFT_VERSION = 3.0;
				TEST_HOST = "$(BUILT_PRODUCTS_DIR)/swiftProject.app/swiftProject";
			};
			name = Debug;
		};
		84558CC41DFFD743003D8292 /* Release */ = {
			isa = XCBuildConfiguration;
			buildSettings = {
				ALWAYS_EMBED_SWIFT_STANDARD_LIBRARIES = YES;
				BUNDLE_LOADER = "$(TEST_HOST)";
				DEVELOPMENT_TEAM = Z632QU8CDY;
				INFOPLIST_FILE = swiftProjectTests/Info.plist;
				LD_RUNPATH_SEARCH_PATHS = "$(inherited) @executable_path/Frameworks @loader_path/Frameworks";
				PRODUCT_BUNDLE_IDENTIFIER = com.shiqianren.swiftProduct.swiftProjectTests;
				PRODUCT_NAME = "$(TARGET_NAME)";
				SWIFT_VERSION = 3.0;
				TEST_HOST = "$(BUILT_PRODUCTS_DIR)/swiftProject.app/swiftProject";
			};
			name = Release;
		};
		84558CC61DFFD743003D8292 /* Debug */ = {
			isa = XCBuildConfiguration;
			buildSettings = {
				ALWAYS_EMBED_SWIFT_STANDARD_LIBRARIES = YES;
				DEVELOPMENT_TEAM = Z632QU8CDY;
				INFOPLIST_FILE = swiftProjectUITests/Info.plist;
				LD_RUNPATH_SEARCH_PATHS = "$(inherited) @executable_path/Frameworks @loader_path/Frameworks";
				PRODUCT_BUNDLE_IDENTIFIER = com.shiqianren.swiftProduct.swiftProjectUITests;
				PRODUCT_NAME = "$(TARGET_NAME)";
				SWIFT_VERSION = 3.0;
				TEST_TARGET_NAME = swiftProject;
			};
			name = Debug;
		};
		84558CC71DFFD743003D8292 /* Release */ = {
			isa = XCBuildConfiguration;
			buildSettings = {
				ALWAYS_EMBED_SWIFT_STANDARD_LIBRARIES = YES;
				DEVELOPMENT_TEAM = Z632QU8CDY;
				INFOPLIST_FILE = swiftProjectUITests/Info.plist;
				LD_RUNPATH_SEARCH_PATHS = "$(inherited) @executable_path/Frameworks @loader_path/Frameworks";
				PRODUCT_BUNDLE_IDENTIFIER = com.shiqianren.swiftProduct.swiftProjectUITests;
				PRODUCT_NAME = "$(TARGET_NAME)";
				SWIFT_VERSION = 3.0;
				TEST_TARGET_NAME = swiftProject;
			};
			name = Release;
		};
/* End XCBuildConfiguration section */

/* Begin XCConfigurationList section */
		84558C921DFFD743003D8292 /* Build configuration list for PBXProject "swiftProject" */ = {
			isa = XCConfigurationList;
			buildConfigurations = (
				84558CBD1DFFD743003D8292 /* Debug */,
				84558CBE1DFFD743003D8292 /* Release */,
			);
			defaultConfigurationIsVisible = 0;
			defaultConfigurationName = Release;
		};
		84558CBF1DFFD743003D8292 /* Build configuration list for PBXNativeTarget "swiftProject" */ = {
			isa = XCConfigurationList;
			buildConfigurations = (
				84558CC01DFFD743003D8292 /* Debug */,
				84558CC11DFFD743003D8292 /* Release */,
			);
			defaultConfigurationIsVisible = 0;
			defaultConfigurationName = Release;
		};
		84558CC21DFFD743003D8292 /* Build configuration list for PBXNativeTarget "swiftProjectTests" */ = {
			isa = XCConfigurationList;
			buildConfigurations = (
				84558CC31DFFD743003D8292 /* Debug */,
				84558CC41DFFD743003D8292 /* Release */,
			);
			defaultConfigurationIsVisible = 0;
			defaultConfigurationName = Release;
		};
		84558CC51DFFD743003D8292 /* Build configuration list for PBXNativeTarget "swiftProjectUITests" */ = {
			isa = XCConfigurationList;
			buildConfigurations = (
				84558CC61DFFD743003D8292 /* Debug */,
				84558CC71DFFD743003D8292 /* Release */,
			);
			defaultConfigurationIsVisible = 0;
			defaultConfigurationName = Release;
		};
/* End XCConfigurationList section */
	};
	rootObject = 84558C8F1DFFD743003D8292 /* Project object */;
}
